// !$*UTF8*$!
{
	archiveVersion = 1;
	classes = {
	};
	objectVersion = 46;
	objects = {

/* Begin PBXBuildFile section */
		221CB53215DA9816004C6398 /* Cocoa.framework in Frameworks */ = {isa = PBXBuildFile; fileRef = 221CB53115DA9816004C6398 /* Cocoa.framework */; };
		221CB55215DA9883004C6398 /* ECConfig.h in Headers */ = {isa = PBXBuildFile; fileRef = 221CB54B15DA9883004C6398 /* ECConfig.h */; settings = {ATTRIBUTES = (Public, ); }; };
		221CB55315DA9883004C6398 /* ECConfig.m in Sources */ = {isa = PBXBuildFile; fileRef = 221CB54C15DA9883004C6398 /* ECConfig.m */; };
		221CB55415DA9883004C6398 /* InfoPlist.strings in Resources */ = {isa = PBXBuildFile; fileRef = 221CB54E15DA9883004C6398 /* InfoPlist.strings */; };
		221CB57415DA98ED004C6398 /* Debug.pch in Headers */ = {isa = PBXBuildFile; fileRef = 221CB56515DA98ED004C6398 /* Debug.pch */; settings = {ATTRIBUTES = (Public, ); }; };
		221CB57515DA98ED004C6398 /* Release.pch in Headers */ = {isa = PBXBuildFile; fileRef = 221CB56615DA98ED004C6398 /* Release.pch */; settings = {ATTRIBUTES = (Public, ); }; };
		221CB57615DA98ED004C6398 /* Shared.pch in Headers */ = {isa = PBXBuildFile; fileRef = 221CB56715DA98ED004C6398 /* Shared.pch */; settings = {ATTRIBUTES = (Public, ); }; };
		221CB58A15DA9B0A004C6398 /* ECDebug.xcconfig in Headers */ = {isa = PBXBuildFile; fileRef = 221CB57815DA993E004C6398 /* ECDebug.xcconfig */; settings = {ATTRIBUTES = (Public, ); }; };
		221CB58E15DA9B14004C6398 /* ECMacDebug.xcconfig in Headers */ = {isa = PBXBuildFile; fileRef = 221CB57C15DA993E004C6398 /* ECMacDebug.xcconfig */; settings = {ATTRIBUTES = (Public, ); }; };
		221CB58F15DA9B14004C6398 /* ECMacRelease.xcconfig in Headers */ = {isa = PBXBuildFile; fileRef = 221CB57D15DA993E004C6398 /* ECMacRelease.xcconfig */; settings = {ATTRIBUTES = (Public, ); }; };
		221CB59015DA9B14004C6398 /* ECMacShared.xcconfig in Headers */ = {isa = PBXBuildFile; fileRef = 221CB57E15DA993E004C6398 /* ECMacShared.xcconfig */; settings = {ATTRIBUTES = (Public, ); }; };
		221CB59115DA9B14004C6398 /* ECRelease.xcconfig in Headers */ = {isa = PBXBuildFile; fileRef = 221CB57F15DA993E004C6398 /* ECRelease.xcconfig */; settings = {ATTRIBUTES = (Public, ); }; };
		221CB59215DA9B14004C6398 /* ECShared.xcconfig in Headers */ = {isa = PBXBuildFile; fileRef = 221CB58015DA993E004C6398 /* ECShared.xcconfig */; settings = {ATTRIBUTES = (Public, ); }; };
		221CB5D015DAAFE2004C6398 /* ECDebug.xcconfig in Headers */ = {isa = PBXBuildFile; fileRef = 221CB57815DA993E004C6398 /* ECDebug.xcconfig */; settings = {ATTRIBUTES = (Public, ); }; };
		221CB5D115DAAFE2004C6398 /* ECRelease.xcconfig in Headers */ = {isa = PBXBuildFile; fileRef = 221CB57F15DA993E004C6398 /* ECRelease.xcconfig */; settings = {ATTRIBUTES = (Public, ); }; };
		221CB5D215DAAFE2004C6398 /* ECShared.xcconfig in Headers */ = {isa = PBXBuildFile; fileRef = 221CB58015DA993E004C6398 /* ECShared.xcconfig */; settings = {ATTRIBUTES = (Public, ); }; };
		221CB5D315DAAFE2004C6398 /* ECPseudoFramework.xcconfig in Headers */ = {isa = PBXBuildFile; fileRef = 221CB5A915DAA41E004C6398 /* ECPseudoFramework.xcconfig */; settings = {ATTRIBUTES = (Public, ); }; };
		221CB5D415DAAFE2004C6398 /* ECIOSDebug.xcconfig in Headers */ = {isa = PBXBuildFile; fileRef = 221CB57915DA993E004C6398 /* ECIOSDebug.xcconfig */; settings = {ATTRIBUTES = (Public, ); }; };
		221CB5D515DAAFE2004C6398 /* ECIOSRelease.xcconfig in Headers */ = {isa = PBXBuildFile; fileRef = 221CB57A15DA993E004C6398 /* ECIOSRelease.xcconfig */; settings = {ATTRIBUTES = (Public, ); }; };
		221CB5D615DAAFE2004C6398 /* ECIOSShared.xcconfig in Headers */ = {isa = PBXBuildFile; fileRef = 221CB57B15DA993E004C6398 /* ECIOSShared.xcconfig */; settings = {ATTRIBUTES = (Public, ); }; };
		221CB5DB15DAB038004C6398 /* Debug.pch in Headers */ = {isa = PBXBuildFile; fileRef = 221CB56515DA98ED004C6398 /* Debug.pch */; settings = {ATTRIBUTES = (Public, ); }; };
		221CB5DC15DAB038004C6398 /* Release.pch in Headers */ = {isa = PBXBuildFile; fileRef = 221CB56615DA98ED004C6398 /* Release.pch */; settings = {ATTRIBUTES = (Public, ); }; };
		221CB5DD15DAB038004C6398 /* Shared.pch in Headers */ = {isa = PBXBuildFile; fileRef = 221CB56715DA98ED004C6398 /* Shared.pch */; settings = {ATTRIBUTES = (Public, ); }; };
		2251BA4A15DBCDA800F2FE40 /* ECFramework.xcconfig in Resources */ = {isa = PBXBuildFile; fileRef = 2251BA4715DBCDA800F2FE40 /* ECFramework.xcconfig */; };
		226153A215DAD312006783C3 /* ECConfig.m in Sources */ = {isa = PBXBuildFile; fileRef = 221CB54C15DA9883004C6398 /* ECConfig.m */; };
		226153A315DAD31F006783C3 /* ECConfig.h in Headers */ = {isa = PBXBuildFile; fileRef = 221CB54B15DA9883004C6398 /* ECConfig.h */; settings = {ATTRIBUTES = (Public, ); }; };
		22BC8E3C15DAB92E00132883 /* ECUnitTests.xcconfig in Headers */ = {isa = PBXBuildFile; fileRef = 22BC8E3815DAB90300132883 /* ECUnitTests.xcconfig */; settings = {ATTRIBUTES = (Public, ); }; };
		22BC8E3D15DAB93C00132883 /* ECUnitTests.xcconfig in Headers */ = {isa = PBXBuildFile; fileRef = 22BC8E3815DAB90300132883 /* ECUnitTests.xcconfig */; settings = {ATTRIBUTES = (Public, ); }; };
		22BC8E3F15DAB9FC00132883 /* package-pseudo-framework.sh in Resources */ = {isa = PBXBuildFile; fileRef = 22BC8E3E15DAB9FC00132883 /* package-pseudo-framework.sh */; };
		22BC8E4315DABAB300132883 /* package-pseudo-framework.sh in CopyFiles */ = {isa = PBXBuildFile; fileRef = 22BC8E3E15DAB9FC00132883 /* package-pseudo-framework.sh */; };
		22BC8E4415DABAB300132883 /* InfoPlist.strings in CopyFiles */ = {isa = PBXBuildFile; fileRef = 221CB54E15DA9883004C6398 /* InfoPlist.strings */; };
/* End PBXBuildFile section */

/* Begin PBXCopyFilesBuildPhase section */
		22BC8E4215DABAA100132883 /* CopyFiles */ = {
			isa = PBXCopyFilesBuildPhase;
			buildActionMask = 2147483647;
			dstPath = "$(RESOURCES_FOLDER_PATH)";
			dstSubfolderSpec = 16;
			files = (
				22BC8E4315DABAB300132883 /* package-pseudo-framework.sh in CopyFiles */,
				22BC8E4415DABAB300132883 /* InfoPlist.strings in CopyFiles */,
			);
			runOnlyForDeploymentPostprocessing = 0;
		};
/* End PBXCopyFilesBuildPhase section */

/* Begin PBXFileReference section */
		221CB52E15DA9816004C6398 /* ECConfig.framework */ = {isa = PBXFileReference; explicitFileType = wrapper.framework; includeInIndex = 0; path = ECConfig.framework; sourceTree = BUILT_PRODUCTS_DIR; };
		221CB53115DA9816004C6398 /* Cocoa.framework */ = {isa = PBXFileReference; lastKnownFileType = wrapper.framework; name = Cocoa.framework; path = System/Library/Frameworks/Cocoa.framework; sourceTree = SDKROOT; };
		221CB53415DA9816004C6398 /* AppKit.framework */ = {isa = PBXFileReference; lastKnownFileType = wrapper.framework; name = AppKit.framework; path = System/Library/Frameworks/AppKit.framework; sourceTree = SDKROOT; };
		221CB53515DA9816004C6398 /* CoreData.framework */ = {isa = PBXFileReference; lastKnownFileType = wrapper.framework; name = CoreData.framework; path = System/Library/Frameworks/CoreData.framework; sourceTree = SDKROOT; };
		221CB53615DA9816004C6398 /* Foundation.framework */ = {isa = PBXFileReference; lastKnownFileType = wrapper.framework; name = Foundation.framework; path = System/Library/Frameworks/Foundation.framework; sourceTree = SDKROOT; };
		221CB54B15DA9883004C6398 /* ECConfig.h */ = {isa = PBXFileReference; fileEncoding = 4; lastKnownFileType = sourcecode.c.h; path = ECConfig.h; sourceTree = "<group>"; };
		221CB54C15DA9883004C6398 /* ECConfig.m */ = {isa = PBXFileReference; fileEncoding = 4; lastKnownFileType = sourcecode.c.objc; path = ECConfig.m; sourceTree = "<group>"; };
		221CB54F15DA9883004C6398 /* en */ = {isa = PBXFileReference; lastKnownFileType = text.plist.strings; name = en; path = en.lproj/InfoPlist.strings; sourceTree = "<group>"; };
		221CB55015DA9883004C6398 /* Info.plist */ = {isa = PBXFileReference; fileEncoding = 4; lastKnownFileType = text.plist.xml; path = Info.plist; sourceTree = "<group>"; };
		221CB56515DA98ED004C6398 /* Debug.pch */ = {isa = PBXFileReference; fileEncoding = 4; lastKnownFileType = sourcecode.c.h; path = Debug.pch; sourceTree = "<group>"; };
		221CB56615DA98ED004C6398 /* Release.pch */ = {isa = PBXFileReference; fileEncoding = 4; lastKnownFileType = sourcecode.c.h; path = Release.pch; sourceTree = "<group>"; };
		221CB56715DA98ED004C6398 /* Shared.pch */ = {isa = PBXFileReference; fileEncoding = 4; lastKnownFileType = sourcecode.c.h; path = Shared.pch; sourceTree = "<group>"; };
		221CB57815DA993E004C6398 /* ECDebug.xcconfig */ = {isa = PBXFileReference; fileEncoding = 4; lastKnownFileType = text.xcconfig; path = ECDebug.xcconfig; sourceTree = "<group>"; };
		221CB57915DA993E004C6398 /* ECIOSDebug.xcconfig */ = {isa = PBXFileReference; fileEncoding = 4; lastKnownFileType = text.xcconfig; path = ECIOSDebug.xcconfig; sourceTree = "<group>"; };
		221CB57A15DA993E004C6398 /* ECIOSRelease.xcconfig */ = {isa = PBXFileReference; fileEncoding = 4; lastKnownFileType = text.xcconfig; path = ECIOSRelease.xcconfig; sourceTree = "<group>"; };
		221CB57B15DA993E004C6398 /* ECIOSShared.xcconfig */ = {isa = PBXFileReference; fileEncoding = 4; lastKnownFileType = text.xcconfig; path = ECIOSShared.xcconfig; sourceTree = "<group>"; };
		221CB57C15DA993E004C6398 /* ECMacDebug.xcconfig */ = {isa = PBXFileReference; fileEncoding = 4; lastKnownFileType = text.xcconfig; path = ECMacDebug.xcconfig; sourceTree = "<group>"; };
		221CB57D15DA993E004C6398 /* ECMacRelease.xcconfig */ = {isa = PBXFileReference; fileEncoding = 4; lastKnownFileType = text.xcconfig; path = ECMacRelease.xcconfig; sourceTree = "<group>"; };
		221CB57E15DA993E004C6398 /* ECMacShared.xcconfig */ = {isa = PBXFileReference; fileEncoding = 4; lastKnownFileType = text.xcconfig; path = ECMacShared.xcconfig; sourceTree = "<group>"; };
		221CB57F15DA993E004C6398 /* ECRelease.xcconfig */ = {isa = PBXFileReference; fileEncoding = 4; lastKnownFileType = text.xcconfig; path = ECRelease.xcconfig; sourceTree = "<group>"; };
		221CB58015DA993E004C6398 /* ECShared.xcconfig */ = {isa = PBXFileReference; fileEncoding = 4; lastKnownFileType = text.xcconfig; path = ECShared.xcconfig; sourceTree = "<group>"; };
		221CB5A915DAA41E004C6398 /* ECPseudoFramework.xcconfig */ = {isa = PBXFileReference; fileEncoding = 4; lastKnownFileType = text.xcconfig; path = ECPseudoFramework.xcconfig; sourceTree = "<group>"; };
		221CB5B015DAA4C4004C6398 /* ECConfig.framework */ = {isa = PBXFileReference; explicitFileType = wrapper.cfbundle; includeInIndex = 0; path = ECConfig.framework; sourceTree = BUILT_PRODUCTS_DIR; };
		221CB5B115DAA4C4004C6398 /* CoreFoundation.framework */ = {isa = PBXFileReference; lastKnownFileType = wrapper.framework; name = CoreFoundation.framework; path = System/Library/Frameworks/CoreFoundation.framework; sourceTree = SDKROOT; };
		2237934D15DE9E3E00750616 /* .appledoc.plist */ = {isa = PBXFileReference; lastKnownFileType = text.plist.xml; path = .appledoc.plist; sourceTree = "<group>"; };
		2237934E15DE9E7F00750616 /* README.md */ = {isa = PBXFileReference; lastKnownFileType = text; path = README.md; sourceTree = "<group>"; wrapsLines = 1; };
		2251BA4715DBCDA800F2FE40 /* ECFramework.xcconfig */ = {isa = PBXFileReference; fileEncoding = 4; lastKnownFileType = text.xcconfig; path = ECFramework.xcconfig; sourceTree = "<group>"; };
		228614E915DEB746000D74EB /* ECConfigIOSDebug.xcconfig */ = {isa = PBXFileReference; lastKnownFileType = text.xcconfig; path = ECConfigIOSDebug.xcconfig; sourceTree = "<group>"; };
		228614EA15DEB746000D74EB /* ECConfigIOSRelease.xcconfig */ = {isa = PBXFileReference; lastKnownFileType = text.xcconfig; path = ECConfigIOSRelease.xcconfig; sourceTree = "<group>"; };
		228614EB15DEB746000D74EB /* ECConfigMacDebug.xcconfig */ = {isa = PBXFileReference; lastKnownFileType = text.xcconfig; path = ECConfigMacDebug.xcconfig; sourceTree = "<group>"; };
		228614EC15DEB746000D74EB /* ECConfigMacRelease.xcconfig */ = {isa = PBXFileReference; lastKnownFileType = text.xcconfig; path = ECConfigMacRelease.xcconfig; sourceTree = "<group>"; };
		22BC8E3815DAB90300132883 /* ECUnitTests.xcconfig */ = {isa = PBXFileReference; fileEncoding = 4; lastKnownFileType = text.xcconfig; path = ECUnitTests.xcconfig; sourceTree = "<group>"; };
		22BC8E3E15DAB9FC00132883 /* package-pseudo-framework.sh */ = {isa = PBXFileReference; fileEncoding = 4; lastKnownFileType = text.script.sh; path = "package-pseudo-framework.sh"; sourceTree = "<group>"; };
		22DC789115DDA739009B98DD /* Documentation */ = {isa = PBXFileReference; lastKnownFileType = folder; path = Documentation; sourceTree = SOURCE_ROOT; };
/* End PBXFileReference section */

/* Begin PBXFrameworksBuildPhase section */
		221CB52A15DA9816004C6398 /* Frameworks */ = {
			isa = PBXFrameworksBuildPhase;
			buildActionMask = 2147483647;
			files = (
				221CB53215DA9816004C6398 /* Cocoa.framework in Frameworks */,
			);
			runOnlyForDeploymentPostprocessing = 0;
		};
		221CB5AD15DAA4C4004C6398 /* Frameworks */ = {
			isa = PBXFrameworksBuildPhase;
			buildActionMask = 2147483647;
			files = (
			);
			runOnlyForDeploymentPostprocessing = 0;
		};
/* End PBXFrameworksBuildPhase section */

/* Begin PBXGroup section */
		221CB52215DA9816004C6398 = {
			isa = PBXGroup;
			children = (
				2237934B15DE9E1600750616 /* Documentation */,
				2251BA4F15DBD03A00F2FE40 /* Source */,
				221CB54D15DA9883004C6398 /* Resources */,
				221CB53015DA9816004C6398 /* Frameworks */,
				221CB52F15DA9816004C6398 /* Products */,
			);
			sourceTree = "<group>";
		};
		221CB52F15DA9816004C6398 /* Products */ = {
			isa = PBXGroup;
			children = (
				221CB52E15DA9816004C6398 /* ECConfig.framework */,
				221CB5B015DAA4C4004C6398 /* ECConfig.framework */,
			);
			name = Products;
			sourceTree = "<group>";
		};
		221CB53015DA9816004C6398 /* Frameworks */ = {
			isa = PBXGroup;
			children = (
				221CB53115DA9816004C6398 /* Cocoa.framework */,
				221CB5B115DAA4C4004C6398 /* CoreFoundation.framework */,
				221CB53315DA9816004C6398 /* Other Frameworks */,
			);
			name = Frameworks;
			sourceTree = "<group>";
		};
		221CB53315DA9816004C6398 /* Other Frameworks */ = {
			isa = PBXGroup;
			children = (
				221CB53415DA9816004C6398 /* AppKit.framework */,
				221CB53515DA9816004C6398 /* CoreData.framework */,
				221CB53615DA9816004C6398 /* Foundation.framework */,
			);
			name = "Other Frameworks";
			sourceTree = "<group>";
		};
		221CB54915DA9883004C6398 /* Generic */ = {
			isa = PBXGroup;
			children = (
				221CB54B15DA9883004C6398 /* ECConfig.h */,
				221CB54C15DA9883004C6398 /* ECConfig.m */,
			);
			path = Generic;
			sourceTree = "<group>";
		};
		221CB54D15DA9883004C6398 /* Resources */ = {
			isa = PBXGroup;
			children = (
				22BC8E3E15DAB9FC00132883 /* package-pseudo-framework.sh */,
				221CB54E15DA9883004C6398 /* InfoPlist.strings */,
				221CB55015DA9883004C6398 /* Info.plist */,
			);
			path = Resources;
			sourceTree = "<group>";
		};
		221CB56315DA98ED004C6398 /* Prefix */ = {
			isa = PBXGroup;
			children = (
				221CB56515DA98ED004C6398 /* Debug.pch */,
				221CB56615DA98ED004C6398 /* Release.pch */,
				221CB56715DA98ED004C6398 /* Shared.pch */,
			);
			path = Prefix;
			sourceTree = "<group>";
		};
		221CB57715DA993E004C6398 /* Configuration */ = {
			isa = PBXGroup;
			children = (
				2237935015DEA44900750616 /* Core */,
				2237935115DEA47700750616 /* Mix-In */,
				221CB5CD15DAA933004C6398 /* iOS */,
				221CB5CE15DAA93D004C6398 /* Mac */,
				228614E815DEB746000D74EB /* ECConfig */,
			);
			path = Configuration;
			sourceTree = "<group>";
		};
		221CB5CD15DAA933004C6398 /* iOS */ = {
			isa = PBXGroup;
			children = (
				221CB57915DA993E004C6398 /* ECIOSDebug.xcconfig */,
				221CB57A15DA993E004C6398 /* ECIOSRelease.xcconfig */,
				221CB57B15DA993E004C6398 /* ECIOSShared.xcconfig */,
			);
			name = iOS;
			sourceTree = "<group>";
		};
		221CB5CE15DAA93D004C6398 /* Mac */ = {
			isa = PBXGroup;
			children = (
				221CB57C15DA993E004C6398 /* ECMacDebug.xcconfig */,
				221CB57D15DA993E004C6398 /* ECMacRelease.xcconfig */,
				221CB57E15DA993E004C6398 /* ECMacShared.xcconfig */,
			);
			name = Mac;
			sourceTree = "<group>";
		};
		2237934B15DE9E1600750616 /* Documentation */ = {
			isa = PBXGroup;
			children = (
				2237934E15DE9E7F00750616 /* README.md */,
				2237934D15DE9E3E00750616 /* .appledoc.plist */,
				22DC789115DDA739009B98DD /* Documentation */,
			);
			name = Documentation;
			sourceTree = "<group>";
		};
		2237935015DEA44900750616 /* Core */ = {
			isa = PBXGroup;
			children = (
				221CB57815DA993E004C6398 /* ECDebug.xcconfig */,
				221CB57F15DA993E004C6398 /* ECRelease.xcconfig */,
				221CB58015DA993E004C6398 /* ECShared.xcconfig */,
			);
			name = Core;
			sourceTree = "<group>";
		};
		2237935115DEA47700750616 /* Mix-In */ = {
			isa = PBXGroup;
			children = (
				22BC8E3815DAB90300132883 /* ECUnitTests.xcconfig */,
				221CB5A915DAA41E004C6398 /* ECPseudoFramework.xcconfig */,
				2251BA4715DBCDA800F2FE40 /* ECFramework.xcconfig */,
			);
			name = "Mix-In";
			sourceTree = "<group>";
		};
		2251BA4F15DBD03A00F2FE40 /* Source */ = {
			isa = PBXGroup;
			children = (
				221CB57715DA993E004C6398 /* Configuration */,
				221CB54915DA9883004C6398 /* Generic */,
				221CB56315DA98ED004C6398 /* Prefix */,
			);
			path = Source;
			sourceTree = "<group>";
		};
		228614E815DEB746000D74EB /* ECConfig */ = {
			isa = PBXGroup;
			children = (
				228614E915DEB746000D74EB /* ECConfigIOSDebug.xcconfig */,
				228614EA15DEB746000D74EB /* ECConfigIOSRelease.xcconfig */,
				228614EB15DEB746000D74EB /* ECConfigMacDebug.xcconfig */,
				228614EC15DEB746000D74EB /* ECConfigMacRelease.xcconfig */,
			);
			path = ECConfig;
			sourceTree = "<group>";
		};
/* End PBXGroup section */

/* Begin PBXHeadersBuildPhase section */
		221CB52B15DA9816004C6398 /* Headers */ = {
			isa = PBXHeadersBuildPhase;
			buildActionMask = 2147483647;
			files = (
				221CB55215DA9883004C6398 /* ECConfig.h in Headers */,
				221CB57415DA98ED004C6398 /* Debug.pch in Headers */,
				221CB57515DA98ED004C6398 /* Release.pch in Headers */,
				221CB57615DA98ED004C6398 /* Shared.pch in Headers */,
				221CB58A15DA9B0A004C6398 /* ECDebug.xcconfig in Headers */,
				221CB59115DA9B14004C6398 /* ECRelease.xcconfig in Headers */,
				221CB59215DA9B14004C6398 /* ECShared.xcconfig in Headers */,
				221CB58E15DA9B14004C6398 /* ECMacDebug.xcconfig in Headers */,
				221CB58F15DA9B14004C6398 /* ECMacRelease.xcconfig in Headers */,
				221CB59015DA9B14004C6398 /* ECMacShared.xcconfig in Headers */,
				22BC8E3D15DAB93C00132883 /* ECUnitTests.xcconfig in Headers */,
			);
			runOnlyForDeploymentPostprocessing = 0;
		};
		221CB5DA15DAB01F004C6398 /* Headers */ = {
			isa = PBXHeadersBuildPhase;
			buildActionMask = 2147483647;
			files = (
				221CB5D015DAAFE2004C6398 /* ECDebug.xcconfig in Headers */,
				221CB5D115DAAFE2004C6398 /* ECRelease.xcconfig in Headers */,
				221CB5D215DAAFE2004C6398 /* ECShared.xcconfig in Headers */,
				221CB5D315DAAFE2004C6398 /* ECPseudoFramework.xcconfig in Headers */,
				221CB5D415DAAFE2004C6398 /* ECIOSDebug.xcconfig in Headers */,
				221CB5D515DAAFE2004C6398 /* ECIOSRelease.xcconfig in Headers */,
				221CB5D615DAAFE2004C6398 /* ECIOSShared.xcconfig in Headers */,
				22BC8E3C15DAB92E00132883 /* ECUnitTests.xcconfig in Headers */,
				221CB5DB15DAB038004C6398 /* Debug.pch in Headers */,
				221CB5DC15DAB038004C6398 /* Release.pch in Headers */,
				221CB5DD15DAB038004C6398 /* Shared.pch in Headers */,
				226153A315DAD31F006783C3 /* ECConfig.h in Headers */,
			);
			runOnlyForDeploymentPostprocessing = 0;
		};
/* End PBXHeadersBuildPhase section */

/* Begin PBXNativeTarget section */
		221CB52D15DA9816004C6398 /* ECConfigMac */ = {
			isa = PBXNativeTarget;
			buildConfigurationList = 221CB54315DA9816004C6398 /* Build configuration list for PBXNativeTarget "ECConfigMac" */;
			buildPhases = (
				221CB52915DA9816004C6398 /* Sources */,
				221CB52A15DA9816004C6398 /* Frameworks */,
				221CB52B15DA9816004C6398 /* Headers */,
				221CB52C15DA9816004C6398 /* Resources */,
			);
			buildRules = (
			);
			dependencies = (
			);
			name = ECConfigMac;
			productName = ECConfig;
			productReference = 221CB52E15DA9816004C6398 /* ECConfig.framework */;
			productType = "com.apple.product-type.framework";
		};
		221CB5AF15DAA4C4004C6398 /* ECConfigIOS */ = {
			isa = PBXNativeTarget;
			buildConfigurationList = 221CB5BA15DAA4C4004C6398 /* Build configuration list for PBXNativeTarget "ECConfigIOS" */;
			buildPhases = (
				221CB5DA15DAB01F004C6398 /* Headers */,
				221CB5AC15DAA4C4004C6398 /* Sources */,
				221CB5AD15DAA4C4004C6398 /* Frameworks */,
				22BC8E4215DABAA100132883 /* CopyFiles */,
				22BC8E4115DABA0E00132883 /* ShellScript */,
			);
			buildRules = (
			);
			dependencies = (
			);
			name = ECConfigIOS;
			productName = ECConfigIOS;
			productReference = 221CB5B015DAA4C4004C6398 /* ECConfig.framework */;
			productType = "com.apple.product-type.bundle";
		};
/* End PBXNativeTarget section */

/* Begin PBXProject section */
		221CB52415DA9816004C6398 /* Project object */ = {
			isa = PBXProject;
			attributes = {
				LastUpgradeCheck = 0440;
				ORGANIZATIONNAME = "Elegant Chaos";
			};
			buildConfigurationList = 221CB52715DA9816004C6398 /* Build configuration list for PBXProject "ECConfig" */;
			compatibilityVersion = "Xcode 3.2";
			developmentRegion = English;
			hasScannedForEncodings = 0;
			knownRegions = (
				en,
			);
			mainGroup = 221CB52215DA9816004C6398;
			productRefGroup = 221CB52F15DA9816004C6398 /* Products */;
			projectDirPath = "";
			projectRoot = "";
			targets = (
				221CB52D15DA9816004C6398 /* ECConfigMac */,
				221CB5AF15DAA4C4004C6398 /* ECConfigIOS */,
			);
		};
/* End PBXProject section */

/* Begin PBXResourcesBuildPhase section */
		221CB52C15DA9816004C6398 /* Resources */ = {
			isa = PBXResourcesBuildPhase;
			buildActionMask = 2147483647;
			files = (
				221CB55415DA9883004C6398 /* InfoPlist.strings in Resources */,
				22BC8E3F15DAB9FC00132883 /* package-pseudo-framework.sh in Resources */,
				2251BA4A15DBCDA800F2FE40 /* ECFramework.xcconfig in Resources */,
			);
			runOnlyForDeploymentPostprocessing = 0;
		};
/* End PBXResourcesBuildPhase section */

/* Begin PBXShellScriptBuildPhase section */
		22BC8E4115DABA0E00132883 /* ShellScript */ = {
			isa = PBXShellScriptBuildPhase;
			buildActionMask = 2147483647;
			files = (
			);
			inputPaths = (
			);
			outputPaths = (
			);
			runOnlyForDeploymentPostprocessing = 0;
			shellPath = /bin/sh;
			shellScript = "Resources/package-pseudo-framework.sh\n";
			showEnvVarsInLog = 0;
		};
/* End PBXShellScriptBuildPhase section */

/* Begin PBXSourcesBuildPhase section */
		221CB52915DA9816004C6398 /* Sources */ = {
			isa = PBXSourcesBuildPhase;
			buildActionMask = 2147483647;
			files = (
				221CB55315DA9883004C6398 /* ECConfig.m in Sources */,
			);
			runOnlyForDeploymentPostprocessing = 0;
		};
		221CB5AC15DAA4C4004C6398 /* Sources */ = {
			isa = PBXSourcesBuildPhase;
			buildActionMask = 2147483647;
			files = (
				226153A215DAD312006783C3 /* ECConfig.m in Sources */,
			);
			runOnlyForDeploymentPostprocessing = 0;
		};
/* End PBXSourcesBuildPhase section */

/* Begin PBXVariantGroup section */
		221CB54E15DA9883004C6398 /* InfoPlist.strings */ = {
			isa = PBXVariantGroup;
			children = (
				221CB54F15DA9883004C6398 /* en */,
			);
			name = InfoPlist.strings;
			sourceTree = "<group>";
		};
/* End PBXVariantGroup section */

/* Begin XCBuildConfiguration section */
		221CB54115DA9816004C6398 /* Debug */ = {
			isa = XCBuildConfiguration;
			buildSettings = {
			};
			name = Debug;
		};
		221CB54215DA9816004C6398 /* Release */ = {
			isa = XCBuildConfiguration;
			buildSettings = {
			};
			name = Release;
		};
		221CB54415DA9816004C6398 /* Debug */ = {
			isa = XCBuildConfiguration;
			baseConfigurationReference = 228614EB15DEB746000D74EB /* ECConfigMacDebug.xcconfig */;
			buildSettings = {
				DYLIB_COMPATIBILITY_VERSION = 1;
				DYLIB_CURRENT_VERSION = 1;
				INFOPLIST_FILE = Resources/Info.plist;
				PRODUCT_NAME = "$(PROJECT_NAME)";
				WRAPPER_EXTENSION = framework;
			};
			name = Debug;
		};
		221CB54515DA9816004C6398 /* Release */ = {
			isa = XCBuildConfiguration;
			baseConfigurationReference = 228614EC15DEB746000D74EB /* ECConfigMacRelease.xcconfig */;
			buildSettings = {
				DYLIB_COMPATIBILITY_VERSION = 1;
				DYLIB_CURRENT_VERSION = 1;
				INFOPLIST_FILE = Resources/Info.plist;
				PRODUCT_NAME = "$(PROJECT_NAME)";
				WRAPPER_EXTENSION = framework;
			};
			name = Release;
		};
		221CB5BB15DAA4C4004C6398 /* Debug */ = {
			isa = XCBuildConfiguration;
			baseConfigurationReference = 228614E915DEB746000D74EB /* ECConfigIOSDebug.xcconfig */;
			buildSettings = {
				INFOPLIST_FILE = Resources/Info.plist;
			};
			name = Debug;
		};
		221CB5BC15DAA4C4004C6398 /* Release */ = {
			isa = XCBuildConfiguration;
			baseConfigurationReference = 228614EA15DEB746000D74EB /* ECConfigIOSRelease.xcconfig */;
			buildSettings = {
				INFOPLIST_FILE = Resources/Info.plist;
			};
			name = Release;
		};
/* End XCBuildConfiguration section */

/* Begin XCConfigurationList section */
		221CB52715DA9816004C6398 /* Build configuration list for PBXProject "ECConfig" */ = {
			isa = XCConfigurationList;
			buildConfigurations = (
				221CB54115DA9816004C6398 /* Debug */,
				221CB54215DA9816004C6398 /* Release */,
			);
			defaultConfigurationIsVisible = 0;
			defaultConfigurationName = Debug;
		};
		221CB54315DA9816004C6398 /* Build configuration list for PBXNativeTarget "ECConfigMac" */ = {
			isa = XCConfigurationList;
			buildConfigurations = (
				221CB54415DA9816004C6398 /* Debug */,
				221CB54515DA9816004C6398 /* Release */,
			);
			defaultConfigurationIsVisible = 0;
			defaultConfigurationName = Debug;
		};
		221CB5BA15DAA4C4004C6398 /* Build configuration list for PBXNativeTarget "ECConfigIOS" */ = {
			isa = XCConfigurationList;
			buildConfigurations = (
				221CB5BB15DAA4C4004C6398 /* Debug */,
				221CB5BC15DAA4C4004C6398 /* Release */,
			);
			defaultConfigurationIsVisible = 0;
			defaultConfigurationName = Debug;
		};
/* End XCConfigurationList section */
	};
	rootObject = 221CB52415DA9816004C6398 /* Project object */;
}
